// !$*UTF8*$!
{
	archiveVersion = 1;
	classes = {
	};
	objectVersion = 50;
	objects = {

/* Begin PBXBuildFile section */
		258D3B43252CBA040080ACD0 /* AppDelegate.swift in Sources */ = {isa = PBXBuildFile; fileRef = 258D3B42252CBA040080ACD0 /* AppDelegate.swift */; };
		258D3B45252CBA040080ACD0 /* SceneDelegate.swift in Sources */ = {isa = PBXBuildFile; fileRef = 258D3B44252CBA040080ACD0 /* SceneDelegate.swift */; };
		258D3B4A252CBA040080ACD0 /* Main.storyboard in Resources */ = {isa = PBXBuildFile; fileRef = 258D3B48252CBA040080ACD0 /* Main.storyboard */; };
		258D3B4C252CBA050080ACD0 /* Assets.xcassets in Resources */ = {isa = PBXBuildFile; fileRef = 258D3B4B252CBA050080ACD0 /* Assets.xcassets */; };
		258D3B4F252CBA050080ACD0 /* LaunchScreen.storyboard in Resources */ = {isa = PBXBuildFile; fileRef = 258D3B4D252CBA050080ACD0 /* LaunchScreen.storyboard */; };
		258D3B58252CBA480080ACD0 /* MainTableViewController.swift in Sources */ = {isa = PBXBuildFile; fileRef = 258D3B57252CBA480080ACD0 /* MainTableViewController.swift */; };
		258D3B5C252CBA860080ACD0 /* NetworkService.swift in Sources */ = {isa = PBXBuildFile; fileRef = 258D3B5B252CBA860080ACD0 /* NetworkService.swift */; };
		258D3B60252CBAD20080ACD0 /* TestModel.swift in Sources */ = {isa = PBXBuildFile; fileRef = 258D3B5F252CBAD20080ACD0 /* TestModel.swift */; };
		258D3B6E252CE7F20080ACD0 /* DetailTableViewController.swift in Sources */ = {isa = PBXBuildFile; fileRef = 258D3B6D252CE7F20080ACD0 /* DetailTableViewController.swift */; };
		258D3B72252D045A0080ACD0 /* VariantTableViewController.swift in Sources */ = {isa = PBXBuildFile; fileRef = 258D3B71252D045A0080ACD0 /* VariantTableViewController.swift */; };
/* End PBXBuildFile section */

/* Begin PBXFileReference section */
		258D3B3F252CBA040080ACD0 /* TestApp.app */ = {isa = PBXFileReference; explicitFileType = wrapper.application; includeInIndex = 0; path = TestApp.app; sourceTree = BUILT_PRODUCTS_DIR; };
		258D3B42252CBA040080ACD0 /* AppDelegate.swift */ = {isa = PBXFileReference; lastKnownFileType = sourcecode.swift; path = AppDelegate.swift; sourceTree = "<group>"; };
		258D3B44252CBA040080ACD0 /* SceneDelegate.swift */ = {isa = PBXFileReference; lastKnownFileType = sourcecode.swift; path = SceneDelegate.swift; sourceTree = "<group>"; };
		258D3B49252CBA040080ACD0 /* Base */ = {isa = PBXFileReference; lastKnownFileType = file.storyboard; name = Base; path = Base.lproj/Main.storyboard; sourceTree = "<group>"; };
		258D3B4B252CBA050080ACD0 /* Assets.xcassets */ = {isa = PBXFileReference; lastKnownFileType = folder.assetcatalog; path = Assets.xcassets; sourceTree = "<group>"; };
		258D3B4E252CBA050080ACD0 /* Base */ = {isa = PBXFileReference; lastKnownFileType = file.storyboard; name = Base; path = Base.lproj/LaunchScreen.storyboard; sourceTree = "<group>"; };
		258D3B50252CBA050080ACD0 /* Info.plist */ = {isa = PBXFileReference; lastKnownFileType = text.plist.xml; path = Info.plist; sourceTree = "<group>"; };
		258D3B57252CBA480080ACD0 /* MainTableViewController.swift */ = {isa = PBXFileReference; lastKnownFileType = sourcecode.swift; path = MainTableViewController.swift; sourceTree = "<group>"; };
		258D3B5B252CBA860080ACD0 /* NetworkService.swift */ = {isa = PBXFileReference; lastKnownFileType = sourcecode.swift; path = NetworkService.swift; sourceTree = "<group>"; };
		258D3B5F252CBAD20080ACD0 /* TestModel.swift */ = {isa = PBXFileReference; lastKnownFileType = sourcecode.swift; path = TestModel.swift; sourceTree = "<group>"; };
		258D3B6D252CE7F20080ACD0 /* DetailTableViewController.swift */ = {isa = PBXFileReference; lastKnownFileType = sourcecode.swift; path = DetailTableViewController.swift; sourceTree = "<group>"; };
		258D3B71252D045A0080ACD0 /* VariantTableViewController.swift */ = {isa = PBXFileReference; lastKnownFileType = sourcecode.swift; path = VariantTableViewController.swift; sourceTree = "<group>"; };
/* End PBXFileReference section */

/* Begin PBXFrameworksBuildPhase section */
		258D3B3C252CBA040080ACD0 /* Frameworks */ = {
			isa = PBXFrameworksBuildPhase;
			buildActionMask = 2147483647;
			files = (
			);
			runOnlyForDeploymentPostprocessing = 0;
		};
/* End PBXFrameworksBuildPhase section */

/* Begin PBXGroup section */
		258D3B36252CBA040080ACD0 = {
			isa = PBXGroup;
			children = (
				258D3B41252CBA040080ACD0 /* TestApp */,
				258D3B40252CBA040080ACD0 /* Products */,
			);
			sourceTree = "<group>";
		};
		258D3B40252CBA040080ACD0 /* Products */ = {
			isa = PBXGroup;
			children = (
				258D3B3F252CBA040080ACD0 /* TestApp.app */,
			);
			name = Products;
			sourceTree = "<group>";
		};
		258D3B41252CBA040080ACD0 /* TestApp */ = {
			isa = PBXGroup;
			children = (
				258D3B7D252D0B370080ACD0 /* Application */,
				258D3B79252D0B1D0080ACD0 /* Services */,
				258D3B7B252D0B290080ACD0 /* Models */,
				258D3B7F252D0B450080ACD0 /* Views */,
				258D3B77252D0B100080ACD0 /* Controllers */,
				258D3B80252D0B500080ACD0 /* Resources */,
			);
			path = TestApp;
			sourceTree = "<group>";
		};
		258D3B77252D0B100080ACD0 /* Controllers */ = {
			isa = PBXGroup;
			children = (
				258D3B57252CBA480080ACD0 /* MainTableViewController.swift */,
				258D3B6D252CE7F20080ACD0 /* DetailTableViewController.swift */,
				258D3B71252D045A0080ACD0 /* VariantTableViewController.swift */,
			);
			path = Controllers;
			sourceTree = "<group>";
		};
		258D3B79252D0B1D0080ACD0 /* Services */ = {
			isa = PBXGroup;
			children = (
				258D3B5B252CBA860080ACD0 /* NetworkService.swift */,
			);
			path = Services;
			sourceTree = "<group>";
		};
		258D3B7B252D0B290080ACD0 /* Models */ = {
			isa = PBXGroup;
			children = (
				258D3B5F252CBAD20080ACD0 /* TestModel.swift */,
			);
			path = Models;
			sourceTree = "<group>";
		};
		258D3B7D252D0B370080ACD0 /* Application */ = {
			isa = PBXGroup;
			children = (
				258D3B42252CBA040080ACD0 /* AppDelegate.swift */,
				258D3B44252CBA040080ACD0 /* SceneDelegate.swift */,
			);
			path = Application;
			sourceTree = "<group>";
		};
		258D3B7F252D0B450080ACD0 /* Views */ = {
			isa = PBXGroup;
			children = (
				258D3B48252CBA040080ACD0 /* Main.storyboard */,
				258D3B4D252CBA050080ACD0 /* LaunchScreen.storyboard */,
			);
			path = Views;
			sourceTree = "<group>";
		};
		258D3B80252D0B500080ACD0 /* Resources */ = {
			isa = PBXGroup;
			children = (
				258D3B4B252CBA050080ACD0 /* Assets.xcassets */,
				258D3B50252CBA050080ACD0 /* Info.plist */,
			);
			path = Resources;
			sourceTree = "<group>";
		};
/* End PBXGroup section */

/* Begin PBXNativeTarget section */
		258D3B3E252CBA040080ACD0 /* TestApp */ = {
			isa = PBXNativeTarget;
			buildConfigurationList = 258D3B53252CBA050080ACD0 /* Build configuration list for PBXNativeTarget "TestApp" */;
			buildPhases = (
				258D3B3B252CBA040080ACD0 /* Sources */,
				258D3B3C252CBA040080ACD0 /* Frameworks */,
				258D3B3D252CBA040080ACD0 /* Resources */,
			);
			buildRules = (
			);
			dependencies = (
			);
			name = TestApp;
			productName = TestApp;
			productReference = 258D3B3F252CBA040080ACD0 /* TestApp.app */;
			productType = "com.apple.product-type.application";
		};
/* End PBXNativeTarget section */

/* Begin PBXProject section */
		258D3B37252CBA040080ACD0 /* Project object */ = {
			isa = PBXProject;
			attributes = {
				LastSwiftUpdateCheck = 1200;
				LastUpgradeCheck = 1200;
				TargetAttributes = {
					258D3B3E252CBA040080ACD0 = {
						CreatedOnToolsVersion = 12.0.1;
					};
				};
			};
			buildConfigurationList = 258D3B3A252CBA040080ACD0 /* Build configuration list for PBXProject "TestApp" */;
			compatibilityVersion = "Xcode 9.3";
			developmentRegion = en;
			hasScannedForEncodings = 0;
			knownRegions = (
				en,
				Base,
			);
			mainGroup = 258D3B36252CBA040080ACD0;
			productRefGroup = 258D3B40252CBA040080ACD0 /* Products */;
			projectDirPath = "";
			projectRoot = "";
			targets = (
				258D3B3E252CBA040080ACD0 /* TestApp */,
			);
		};
/* End PBXProject section */

/* Begin PBXResourcesBuildPhase section */
		258D3B3D252CBA040080ACD0 /* Resources */ = {
			isa = PBXResourcesBuildPhase;
			buildActionMask = 2147483647;
			files = (
				258D3B4F252CBA050080ACD0 /* LaunchScreen.storyboard in Resources */,
				258D3B4C252CBA050080ACD0 /* Assets.xcassets in Resources */,
				258D3B4A252CBA040080ACD0 /* Main.storyboard in Resources */,
			);
			runOnlyForDeploymentPostprocessing = 0;
		};
/* End PBXResourcesBuildPhase section */

/* Begin PBXSourcesBuildPhase section */
		258D3B3B252CBA040080ACD0 /* Sources */ = {
			isa = PBXSourcesBuildPhase;
			buildActionMask = 2147483647;
			files = (
				258D3B6E252CE7F20080ACD0 /* DetailTableViewController.swift in Sources */,
				258D3B72252D045A0080ACD0 /* VariantTableViewController.swift in Sources */,
				258D3B43252CBA040080ACD0 /* AppDelegate.swift in Sources */,
				258D3B58252CBA480080ACD0 /* MainTableViewController.swift in Sources */,
				258D3B60252CBAD20080ACD0 /* TestModel.swift in Sources */,
				258D3B5C252CBA860080ACD0 /* NetworkService.swift in Sources */,
				258D3B45252CBA040080ACD0 /* SceneDelegate.swift in Sources */,
			);
			runOnlyForDeploymentPostprocessing = 0;
		};
/* End PBXSourcesBuildPhase section */

/* Begin PBXVariantGroup section */
		258D3B48252CBA040080ACD0 /* Main.storyboard */ = {
			isa = PBXVariantGroup;
			children = (
				258D3B49252CBA040080ACD0 /* Base */,
			);
			name = Main.storyboard;
			sourceTree = "<group>";
		};
		258D3B4D252CBA050080ACD0 /* LaunchScreen.storyboard */ = {
			isa = PBXVariantGroup;
			children = (
				258D3B4E252CBA050080ACD0 /* Base */,
			);
			name = LaunchScreen.storyboard;
			sourceTree = "<group>";
		};
/* End PBXVariantGroup section */

/* Begin XCBuildConfiguration section */
		258D3B51252CBA050080ACD0 /* Debug */ = {
			isa = XCBuildConfiguration;
			buildSettings = {
				ALWAYS_SEARCH_USER_PATHS = NO;
				CLANG_ANALYZER_NONNULL = YES;
				CLANG_ANALYZER_NUMBER_OBJECT_CONVERSION = YES_AGGRESSIVE;
				CLANG_CXX_LANGUAGE_STANDARD = "gnu++14";
				CLANG_CXX_LIBRARY = "libc++";
				CLANG_ENABLE_MODULES = YES;
				CLANG_ENABLE_OBJC_ARC = YES;
				CLANG_ENABLE_OBJC_WEAK = YES;
				CLANG_WARN_BLOCK_CAPTURE_AUTORELEASING = YES;
				CLANG_WARN_BOOL_CONVERSION = YES;
				CLANG_WARN_COMMA = YES;
				CLANG_WARN_CONSTANT_CONVERSION = YES;
				CLANG_WARN_DEPRECATED_OBJC_IMPLEMENTATIONS = YES;
				CLANG_WARN_DIRECT_OBJC_ISA_USAGE = YES_ERROR;
				CLANG_WARN_DOCUMENTATION_COMMENTS = YES;
				CLANG_WARN_EMPTY_BODY = YES;
				CLANG_WARN_ENUM_CONVERSION = YES;
				CLANG_WARN_INFINITE_RECURSION = YES;
				CLANG_WARN_INT_CONVERSION = YES;
				CLANG_WARN_NON_LITERAL_NULL_CONVERSION = YES;
				CLANG_WARN_OBJC_IMPLICIT_RETAIN_SELF = YES;
				CLANG_WARN_OBJC_LITERAL_CONVERSION = YES;
				CLANG_WARN_OBJC_ROOT_CLASS = YES_ERROR;
				CLANG_WARN_QUOTED_INCLUDE_IN_FRAMEWORK_HEADER = YES;
				CLANG_WARN_RANGE_LOOP_ANALYSIS = YES;
				CLANG_WARN_STRICT_PROTOTYPES = YES;
				CLANG_WARN_SUSPICIOUS_MOVE = YES;
				CLANG_WARN_UNGUARDED_AVAILABILITY = YES_AGGRESSIVE;
				CLANG_WARN_UNREACHABLE_CODE = YES;
				CLANG_WARN__DUPLICATE_METHOD_MATCH = YES;
				COPY_PHASE_STRIP = NO;
				DEBUG_INFORMATION_FORMAT = dwarf;
				ENABLE_STRICT_OBJC_MSGSEND = YES;
				ENABLE_TESTABILITY = YES;
				GCC_C_LANGUAGE_STANDARD = gnu11;
				GCC_DYNAMIC_NO_PIC = NO;
				GCC_NO_COMMON_BLOCKS = YES;
				GCC_OPTIMIZATION_LEVEL = 0;
				GCC_PREPROCESSOR_DEFINITIONS = (
					"DEBUG=1",
					"$(inherited)",
				);
				GCC_WARN_64_TO_32_BIT_CONVERSION = YES;
				GCC_WARN_ABOUT_RETURN_TYPE = YES_ERROR;
				GCC_WARN_UNDECLARED_SELECTOR = YES;
				GCC_WARN_UNINITIALIZED_AUTOS = YES_AGGRESSIVE;
				GCC_WARN_UNUSED_FUNCTION = YES;
				GCC_WARN_UNUSED_VARIABLE = YES;
				IPHONEOS_DEPLOYMENT_TARGET = 14.0;
				MTL_ENABLE_DEBUG_INFO = INCLUDE_SOURCE;
				MTL_FAST_MATH = YES;
				ONLY_ACTIVE_ARCH = YES;
				SDKROOT = iphoneos;
				SWIFT_ACTIVE_COMPILATION_CONDITIONS = DEBUG;
				SWIFT_OPTIMIZATION_LEVEL = "-Onone";
			};
			name = Debug;
		};
		258D3B52252CBA050080ACD0 /* Release */ = {
			isa = XCBuildConfiguration;
			buildSettings = {
				ALWAYS_SEARCH_USER_PATHS = NO;
				CLANG_ANALYZER_NONNULL = YES;
				CLANG_ANALYZER_NUMBER_OBJECT_CONVERSION = YES_AGGRESSIVE;
				CLANG_CXX_LANGUAGE_STANDARD = "gnu++14";
				CLANG_CXX_LIBRARY = "libc++";
				CLANG_ENABLE_MODULES = YES;
				CLANG_ENABLE_OBJC_ARC = YES;
				CLANG_ENABLE_OBJC_WEAK = YES;
				CLANG_WARN_BLOCK_CAPTURE_AUTORELEASING = YES;
				CLANG_WARN_BOOL_CONVERSION = YES;
				CLANG_WARN_COMMA = YES;
				CLANG_WARN_CONSTANT_CONVERSION = YES;
				CLANG_WARN_DEPRECATED_OBJC_IMPLEMENTATIONS = YES;
				CLANG_WARN_DIRECT_OBJC_ISA_USAGE = YES_ERROR;
				CLANG_WARN_DOCUMENTATION_COMMENTS = YES;
				CLANG_WARN_EMPTY_BODY = YES;
				CLANG_WARN_ENUM_CONVERSION = YES;
				CLANG_WARN_INFINITE_RECURSION = YES;
				CLANG_WARN_INT_CONVERSION = YES;
				CLANG_WARN_NON_LITERAL_NULL_CONVERSION = YES;
				CLANG_WARN_OBJC_IMPLICIT_RETAIN_SELF = YES;
				CLANG_WARN_OBJC_LITERAL_CONVERSION = YES;
				CLANG_WARN_OBJC_ROOT_CLASS = YES_ERROR;
				CLANG_WARN_QUOTED_INCLUDE_IN_FRAMEWORK_HEADER = YES;
				CLANG_WARN_RANGE_LOOP_ANALYSIS = YES;
				CLANG_WARN_STRICT_PROTOTYPES = YES;
				CLANG_WARN_SUSPICIOUS_MOVE = YES;
				CLANG_WARN_UNGUARDED_AVAILABILITY = YES_AGGRESSIVE;
				CLANG_WARN_UNREACHABLE_CODE = YES;
				CLANG_WARN__DUPLICATE_METHOD_MATCH = YES;
				COPY_PHASE_STRIP = NO;
				DEBUG_INFORMATION_FORMAT = "dwarf-with-dsym";
				ENABLE_NS_ASSERTIONS = NO;
				ENABLE_STRICT_OBJC_MSGSEND = YES;
				GCC_C_LANGUAGE_STANDARD = gnu11;
				GCC_NO_COMMON_BLOCKS = YES;
				GCC_WARN_64_TO_32_BIT_CONVERSION = YES;
				GCC_WARN_ABOUT_RETURN_TYPE = YES_ERROR;
				GCC_WARN_UNDECLARED_SELECTOR = YES;
				GCC_WARN_UNINITIALIZED_AUTOS = YES_AGGRESSIVE;
				GCC_WARN_UNUSED_FUNCTION = YES;
				GCC_WARN_UNUSED_VARIABLE = YES;
				IPHONEOS_DEPLOYMENT_TARGET = 14.0;
				MTL_ENABLE_DEBUG_INFO = NO;
				MTL_FAST_MATH = YES;
				SDKROOT = iphoneos;
				SWIFT_COMPILATION_MODE = wholemodule;
				SWIFT_OPTIMIZATION_LEVEL = "-O";
				VALIDATE_PRODUCT = YES;
			};
			name = Release;
		};
		258D3B54252CBA050080ACD0 /* Debug */ = {
			isa = XCBuildConfiguration;
			buildSettings = {
				ASSETCATALOG_COMPILER_APPICON_NAME = AppIcon;
				ASSETCATALOG_COMPILER_GLOBAL_ACCENT_COLOR_NAME = AccentColor;
				CODE_SIGN_STYLE = Automatic;
				INFOPLIST_FILE = "$(SRCROOT)/TestApp/Resources/Info.plist";
				LD_RUNPATH_SEARCH_PATHS = (
					"$(inherited)",
					"@executable_path/Frameworks",
				);
				PRODUCT_BUNDLE_IDENTIFIER = "com.QMS-Solutions.TestApp";
				PRODUCT_NAME = "$(TARGET_NAME)";
				SWIFT_VERSION = 5.0;
				TARGETED_DEVICE_FAMILY = "1,2";
			};
			name = Debug;
		};
		258D3B55252CBA050080ACD0 /* Release */ = {
			isa = XCBuildConfiguration;
			buildSettings = {
				ASSETCATALOG_COMPILER_APPICON_NAME = AppIcon;
				ASSETCATALOG_COMPILER_GLOBAL_ACCENT_COLOR_NAME = AccentColor;
				CODE_SIGN_STYLE = Automatic;
				INFOPLIST_FILE = "$(SRCROOT)/TestApp/Resources/Info.plist";
				LD_RUNPATH_SEARCH_PATHS = (
					"$(inherited)",
					"@executable_path/Frameworks",
				);
				PRODUCT_BUNDLE_IDENTIFIER = "com.QMS-Solutions.TestApp";
				PRODUCT_NAME = "$(TARGET_NAME)";
				SWIFT_VERSION = 5.0;
				TARGETED_DEVICE_FAMILY = "1,2";
			};
			name = Release;
		};
/* End XCBuildConfiguration section */

/* Begin XCConfigurationList section */
		258D3B3A252CBA040080ACD0 /* Build configuration list for PBXProject "TestApp" */ = {
			isa = XCConfigurationList;
			buildConfigurations = (
				258D3B51252CBA050080ACD0 /* Debug */,
				258D3B52252CBA050080ACD0 /* Release */,
			);
			defaultConfigurationIsVisible = 0;
			defaultConfigurationName = Release;
		};
		258D3B53252CBA050080ACD0 /* Build configuration list for PBXNativeTarget "TestApp" */ = {
			isa = XCConfigurationList;
			buildConfigurations = (
				258D3B54252CBA050080ACD0 /* Debug */,
				258D3B55252CBA050080ACD0 /* Release */,
			);
			defaultConfigurationIsVisible = 0;
			defaultConfigurationName = Release;
		};
/* End XCConfigurationList section */
	};
	rootObject = 258D3B37252CBA040080ACD0 /* Project object */;
}
